
Microsoft Visual Studio Solution File, Format Version 12.00
# Visual Studio Version 17
VisualStudioVersion = 17.2.32519.379
MinimumVisualStudioVersion = 10.0.40219.1
Project("{2150E333-8FDC-42A3-9474-1A3956D46DE8}") = "01 - Services", "01 - Services", "{79C1990C-70BB-4C04-A0F6-80C6043C541A}"
EndProject
Project("{2150E333-8FDC-42A3-9474-1A3956D46DE8}") = "01.1 - Host", "01.1 - Host", "{FD269E43-AE79-4585-B408-2821451C4801}"
EndProject
Project("{FAE04EC0-301F-11D3-BF4B-00C04F79EFBC}") = "Certificate.Services.Api", "src\Certificate.Services.Api\Certificate.Services.Api.csproj", "{95F12B6D-B6BE-4CF4-8D3E-D5492307CD26}"
EndProject
Project("{2150E333-8FDC-42A3-9474-1A3956D46DE8}") = "02 - Application", "02 - Application", "{C58E847F-D26E-4BC0-BB14-FA3F7A44DEB3}"
EndProject
Project("{2150E333-8FDC-42A3-9474-1A3956D46DE8}") = "03 - Domain", "03 - Domain", "{DB9D0B77-81A9-4591-9869-9393D895F04B}"
EndProject
Project("{2150E333-8FDC-42A3-9474-1A3956D46DE8}") = "04 - Infrastructure", "04 - Infrastructure", "{4C8FA20F-A297-44CC-9C17-9A60A7E7B088}"
EndProject
Project("{2150E333-8FDC-42A3-9474-1A3956D46DE8}") = "04.1 - Data", "04.1 - Data", "{FF9DDC96-49F9-4100-9C75-576777121ABF}"
EndProject
Project("{2150E333-8FDC-42A3-9474-1A3956D46DE8}") = "04.2 - CrosCutting", "04.2 - CrosCutting", "{288CD6B9-7981-4005-9F39-A21EE0D87E68}"
EndProject
Project("{FAE04EC0-301F-11D3-BF4B-00C04F79EFBC}") = ".Application", "src\Certificate.Application\Certificate.Application.csproj", "{7360C143-E37C-4FBE-8ED4-1A50597D741B}"
EndProject
Project("{FAE04EC0-301F-11D3-BF4B-00C04F79EFBC}") = "Certificate.Infra.Data", "src\Certificate.Infra.Data\Certificate.Infra.Data.csproj", "{FDCE0845-5680-4298-A98C-33DF2CE9D054}"
EndProject
Project("{FAE04EC0-301F-11D3-BF4B-00C04F79EFBC}") = "Certificate.Domain", "src\Certificate.Domain\Certificate.Domain.csproj", "{FE7E07A5-8A2D-480B-BB27-0277DB7C47A2}"
EndProject
Project("{FAE04EC0-301F-11D3-BF4B-00C04F79EFBC}") = "Certificate.Domain.Core", "src\Certificate.Domain.Core\Certificate.Domain.Core.csproj", "{1516F571-6826-4242-87AB-488A00FF52FB}"
EndProject
Project("{FAE04EC0-301F-11D3-BF4B-00C04F79EFBC}") = "Certificate.Infra.CrossCutting.IoC", "src\Certificate.Infra.CrossCutting.IoC\Certificate.Infra.CrossCutting.IoC.csproj", "{B8F3D746-C964-453E-883E-8B4612701D40}"
EndProject
Global
	GlobalSection(SolutionConfigurationPlatforms) = preSolution
		Debug|Any CPU = Debug|Any CPU
		Release|Any CPU = Release|Any CPU
	EndGlobalSection
	GlobalSection(ProjectConfigurationPlatforms) = postSolution
		{95F12B6D-B6BE-4CF4-8D3E-D5492307CD26}.Debug|Any CPU.ActiveCfg = Debug|Any CPU
		{95F12B6D-B6BE-4CF4-8D3E-D5492307CD26}.Debug|Any CPU.Build.0 = Debug|Any CPU
		{95F12B6D-B6BE-4CF4-8D3E-D5492307CD26}.Release|Any CPU.ActiveCfg = Release|Any CPU
		{95F12B6D-B6BE-4CF4-8D3E-D5492307CD26}.Release|Any CPU.Build.0 = Release|Any CPU
		{7360C143-E37C-4FBE-8ED4-1A50597D741B}.Debug|Any CPU.ActiveCfg = Debug|Any CPU
		{7360C143-E37C-4FBE-8ED4-1A50597D741B}.Debug|Any CPU.Build.0 = Debug|Any CPU
		{7360C143-E37C-4FBE-8ED4-1A50597D741B}.Release|Any CPU.ActiveCfg = Release|Any CPU
		{7360C143-E37C-4FBE-8ED4-1A50597D741B}.Release|Any CPU.Build.0 = Release|Any CPU
		{FDCE0845-5680-4298-A98C-33DF2CE9D054}.Debug|Any CPU.ActiveCfg = Debug|Any CPU
		{FDCE0845-5680-4298-A98C-33DF2CE9D054}.Debug|Any CPU.Build.0 = Debug|Any CPU
		{FDCE0845-5680-4298-A98C-33DF2CE9D054}.Release|Any CPU.ActiveCfg = Release|Any CPU
		{FDCE0845-5680-4298-A98C-33DF2CE9D054}.Release|Any CPU.Build.0 = Release|Any CPU
		{FE7E07A5-8A2D-480B-BB27-0277DB7C47A2}.Debug|Any CPU.ActiveCfg = Debug|Any CPU
		{FE7E07A5-8A2D-480B-BB27-0277DB7C47A2}.Debug|Any CPU.Build.0 = Debug|Any CPU
		{FE7E07A5-8A2D-480B-BB27-0277DB7C47A2}.Release|Any CPU.ActiveCfg = Release|Any CPU
		{FE7E07A5-8A2D-480B-BB27-0277DB7C47A2}.Release|Any CPU.Build.0 = Release|Any CPU
		{1516F571-6826-4242-87AB-488A00FF52FB}.Debug|Any CPU.ActiveCfg = Debug|Any CPU
		{1516F571-6826-4242-87AB-488A00FF52FB}.Debug|Any CPU.Build.0 = Debug|Any CPU
		{1516F571-6826-4242-87AB-488A00FF52FB}.Release|Any CPU.ActiveCfg = Release|Any CPU
		{1516F571-6826-4242-87AB-488A00FF52FB}.Release|Any CPU.Build.0 = Release|Any CPU
		{B8F3D746-C964-453E-883E-8B4612701D40}.Debug|Any CPU.ActiveCfg = Debug|Any CPU
		{B8F3D746-C964-453E-883E-8B4612701D40}.Debug|Any CPU.Build.0 = Debug|Any CPU
		{B8F3D746-C964-453E-883E-8B4612701D40}.Release|Any CPU.ActiveCfg = Release|Any CPU
		{B8F3D746-C964-453E-883E-8B4612701D40}.Release|Any CPU.Build.0 = Release|Any CPU
	EndGlobalSection
	GlobalSection(SolutionProperties) = preSolution
		HideSolutionNode = FALSE
	EndGlobalSection
	GlobalSection(NestedProjects) = preSolution
		{FD269E43-AE79-4585-B408-2821451C4801} = {79C1990C-70BB-4C04-A0F6-80C6043C541A}
		{95F12B6D-B6BE-4CF4-8D3E-D5492307CD26} = {FD269E43-AE79-4585-B408-2821451C4801}
		{FF9DDC96-49F9-4100-9C75-576777121ABF} = {4C8FA20F-A297-44CC-9C17-9A60A7E7B088}
		{288CD6B9-7981-4005-9F39-A21EE0D87E68} = {4C8FA20F-A297-44CC-9C17-9A60A7E7B088}
		{7360C143-E37C-4FBE-8ED4-1A50597D741B} = {C58E847F-D26E-4BC0-BB14-FA3F7A44DEB3}
		{FDCE0845-5680-4298-A98C-33DF2CE9D054} = {FF9DDC96-49F9-4100-9C75-576777121ABF}
		{FE7E07A5-8A2D-480B-BB27-0277DB7C47A2} = {DB9D0B77-81A9-4591-9869-9393D895F04B}
		{1516F571-6826-4242-87AB-488A00FF52FB} = {DB9D0B77-81A9-4591-9869-9393D895F04B}
		{B8F3D746-C964-453E-883E-8B4612701D40} = {288CD6B9-7981-4005-9F39-A21EE0D87E68}
	EndGlobalSection
	GlobalSection(ExtensibilityGlobals) = postSolution
		SolutionGuid = {21731E55-308B-425A-9821-D5418C9D2FC9}
	EndGlobalSection
EndGlobal
