
Microsoft Visual Studio Solution File, Format Version 12.00
# Visual Studio Version 17
VisualStudioVersion = 17.0.31903.59
MinimumVisualStudioVersion = 10.0.40219.1
Project("{2150E333-8FDC-42A3-9474-1A3956D46DE8}") = "01 - Services", "01 - Services", "{C49752F0-9C06-45CD-AA65-EC79EBDD65FD}"
EndProject
Project("{2150E333-8FDC-42A3-9474-1A3956D46DE8}") = "01.1 - Host", "01.1 - Host", "{EC8DF862-AFEE-48E4-8214-61CF76476AE6}"
EndProject
Project("{2150E333-8FDC-42A3-9474-1A3956D46DE8}") = "02 - Application", "02 - Application", "{8BC437A8-3357-4A1F-8DE0-6A6C21710800}"
EndProject
Project("{2150E333-8FDC-42A3-9474-1A3956D46DE8}") = "03 - Domain", "03 - Domain", "{525DA2E8-B608-40B4-90F7-F5734474EECF}"
EndProject
Project("{2150E333-8FDC-42A3-9474-1A3956D46DE8}") = "04 - Infrastructure", "04 - Infrastructure", "{F805BFEB-2ECF-406B-9CBE-0412012144F9}"
EndProject
Project("{2150E333-8FDC-42A3-9474-1A3956D46DE8}") = "04.1 - Data", "04.1 - Data", "{7217D60E-8B84-409F-A5EE-A040C78FA72E}"
EndProject
Project("{2150E333-8FDC-42A3-9474-1A3956D46DE8}") = "04.2 - CrosCutting", "04.2 - CrosCutting", "{25CFB76E-1D2E-45C4-969E-9C44CC75CC4D}"
EndProject
Project("{FAE04EC0-301F-11D3-BF4B-00C04F79EFBC}") = "Certificate.Services.Api", "src\Certificate.Services.Api\Certificate.Services.Api.csproj", "{E4C79664-5E73-4FC7-8516-5FD6819BA0FA}"
EndProject
Project("{FAE04EC0-301F-11D3-BF4B-00C04F79EFBC}") = "Certificate.Application", "src\Certificate.Application\Certificate.Application.csproj", "{85F31AC8-1643-406C-A197-D440702320C3}"
EndProject
Project("{FAE04EC0-301F-11D3-BF4B-00C04F79EFBC}") = "Certificate.Domain", "src\Certificate.Domain\Certificate.Domain.csproj", "{0B1973F1-25B7-48AF-8AFD-F7336A7A8D5C}"
EndProject
Project("{FAE04EC0-301F-11D3-BF4B-00C04F79EFBC}") = "Certificate.Domain.Core", "src\Certificate.Domain.Core\Certificate.Domain.Core.csproj", "{49C411DA-AFED-442B-9284-5C49BE3A099B}"
EndProject
Project("{FAE04EC0-301F-11D3-BF4B-00C04F79EFBC}") = "Certificate.Infra.Data", "src\Certificate.Infra.Data\Certificate.Infra.Data.csproj", "{E0D99513-9245-4406-8370-920E61D00F96}"
EndProject
Project("{FAE04EC0-301F-11D3-BF4B-00C04F79EFBC}") = "Certificate.Infra.CrossCutting.IoC", "src\Certificate.Infra.CrossCutting.IoC\Certificate.Infra.CrossCutting.IoC.csproj", "{91BDF4EB-D31E-409A-9603-71EFA8AC998D}"
EndProject
Global
	GlobalSection(SolutionConfigurationPlatforms) = preSolution
		Debug|Any CPU = Debug|Any CPU
		Release|Any CPU = Release|Any CPU
	EndGlobalSection
	GlobalSection(ProjectConfigurationPlatforms) = postSolution
		{E4C79664-5E73-4FC7-8516-5FD6819BA0FA}.Debug|Any CPU.ActiveCfg = Debug|Any CPU
		{E4C79664-5E73-4FC7-8516-5FD6819BA0FA}.Debug|Any CPU.Build.0 = Debug|Any CPU
		{E4C79664-5E73-4FC7-8516-5FD6819BA0FA}.Release|Any CPU.ActiveCfg = Release|Any CPU
		{E4C79664-5E73-4FC7-8516-5FD6819BA0FA}.Release|Any CPU.Build.0 = Release|Any CPU
		{85F31AC8-1643-406C-A197-D440702320C3}.Debug|Any CPU.ActiveCfg = Debug|Any CPU
		{85F31AC8-1643-406C-A197-D440702320C3}.Debug|Any CPU.Build.0 = Debug|Any CPU
		{85F31AC8-1643-406C-A197-D440702320C3}.Release|Any CPU.ActiveCfg = Release|Any CPU
		{85F31AC8-1643-406C-A197-D440702320C3}.Release|Any CPU.Build.0 = Release|Any CPU
		{0B1973F1-25B7-48AF-8AFD-F7336A7A8D5C}.Debug|Any CPU.ActiveCfg = Debug|Any CPU
		{0B1973F1-25B7-48AF-8AFD-F7336A7A8D5C}.Debug|Any CPU.Build.0 = Debug|Any CPU
		{0B1973F1-25B7-48AF-8AFD-F7336A7A8D5C}.Release|Any CPU.ActiveCfg = Release|Any CPU
		{0B1973F1-25B7-48AF-8AFD-F7336A7A8D5C}.Release|Any CPU.Build.0 = Release|Any CPU
		{49C411DA-AFED-442B-9284-5C49BE3A099B}.Debug|Any CPU.ActiveCfg = Debug|Any CPU
		{49C411DA-AFED-442B-9284-5C49BE3A099B}.Debug|Any CPU.Build.0 = Debug|Any CPU
		{49C411DA-AFED-442B-9284-5C49BE3A099B}.Release|Any CPU.ActiveCfg = Release|Any CPU
		{49C411DA-AFED-442B-9284-5C49BE3A099B}.Release|Any CPU.Build.0 = Release|Any CPU
		{E0D99513-9245-4406-8370-920E61D00F96}.Debug|Any CPU.ActiveCfg = Debug|Any CPU
		{E0D99513-9245-4406-8370-920E61D00F96}.Debug|Any CPU.Build.0 = Debug|Any CPU
		{E0D99513-9245-4406-8370-920E61D00F96}.Release|Any CPU.ActiveCfg = Release|Any CPU
		{E0D99513-9245-4406-8370-920E61D00F96}.Release|Any CPU.Build.0 = Release|Any CPU
		{91BDF4EB-D31E-409A-9603-71EFA8AC998D}.Debug|Any CPU.ActiveCfg = Debug|Any CPU
		{91BDF4EB-D31E-409A-9603-71EFA8AC998D}.Debug|Any CPU.Build.0 = Debug|Any CPU
		{91BDF4EB-D31E-409A-9603-71EFA8AC998D}.Release|Any CPU.ActiveCfg = Release|Any CPU
		{91BDF4EB-D31E-409A-9603-71EFA8AC998D}.Release|Any CPU.Build.0 = Release|Any CPU
	EndGlobalSection
	GlobalSection(SolutionProperties) = preSolution
		HideSolutionNode = FALSE
	EndGlobalSection
	GlobalSection(NestedProjects) = preSolution
		{EC8DF862-AFEE-48E4-8214-61CF76476AE6} = {C49752F0-9C06-45CD-AA65-EC79EBDD65FD}
		{7217D60E-8B84-409F-A5EE-A040C78FA72E} = {F805BFEB-2ECF-406B-9CBE-0412012144F9}
		{25CFB76E-1D2E-45C4-969E-9C44CC75CC4D} = {F805BFEB-2ECF-406B-9CBE-0412012144F9}
		{E4C79664-5E73-4FC7-8516-5FD6819BA0FA} = {EC8DF862-AFEE-48E4-8214-61CF76476AE6}
		{85F31AC8-1643-406C-A197-D440702320C3} = {8BC437A8-3357-4A1F-8DE0-6A6C21710800}
		{0B1973F1-25B7-48AF-8AFD-F7336A7A8D5C} = {525DA2E8-B608-40B4-90F7-F5734474EECF}
		{49C411DA-AFED-442B-9284-5C49BE3A099B} = {525DA2E8-B608-40B4-90F7-F5734474EECF}
		{E0D99513-9245-4406-8370-920E61D00F96} = {7217D60E-8B84-409F-A5EE-A040C78FA72E}
		{91BDF4EB-D31E-409A-9603-71EFA8AC998D} = {25CFB76E-1D2E-45C4-969E-9C44CC75CC4D}
	EndGlobalSection
	GlobalSection(ExtensibilityGlobals) = postSolution
		SolutionGuid = {69EF5A2A-FE85-493F-BB0D-A398CEE667D6}
	EndGlobalSection
EndGlobal
